github.com/jinzhu/gorm v0.0.0-20150527041948-b96ca76e5924 h1:Es5UILGzlIqVNpFgKG0H/AFHwEjNzUOvR2BX6F4qrd0=
github.com/jinzhu/gorm v0.0.0-20150527041948-b96ca76e5924/go.mod h1:Vla75njaFJ8clLU1W44h34PjIkijhjHIYnZxMqCdxqo=
github.com/julienschmidt/httprouter v1.1.0 h1:7wLdtIiIpzOkC9u6sXOozpBauPdskj3ru4EI5MABq68=
github.com/julienschmidt/httprouter v1.1.0/go.mod h1:SYymIcj16QtmaHHD7aYtjjsJG7VTCxuUUipMqKk8s4w=
github.com/lib/pq v0.0.0-20150502113636-93e9980741c9 h1:wVGSGJuuBZlzPRcxT3O/GwmVztckiFiJKgqhr3GKlgg=
github.com/lib/pq v0.0.0-20150502113636-93e9980741c9/go.mod h1:5WUZQaWbwv1U+lTReE5YruASi9Al49XbQIvNi/34Woo=
github.com/mattn/go-sqlite3 v0.0.0-20150427235825-542ae647f860 h1:9h5oClvcMu0tJ1o7q0xBGUjAlxLxgFJdmrF4jOSnfmU=
github.com/mattn/go-sqlite3 v0.0.0-20150427235825-542ae647f860/go.mod h1:FPy6KqzDD04eiIsT53CuJW3U88zkxoIYsOqkbpncsNc=
